
Microsoft Visual Studio Solution File, Format Version 12.00
# Visual Studio Version 17
VisualStudioVersion = 17.9.34728.123
MinimumVisualStudioVersion = 10.0.40219.1
Project("{FAE04EC0-301F-11D3-BF4B-00C04F79EFBC}") = "se vende.Android", "se vende.Android\se vende.Android.csproj", "{EB0C0C7E-5BD1-4BC8-AAC8-032D1BCB71F9}"
EndProject
Project("{FAE04EC0-301F-11D3-BF4B-00C04F79EFBC}") = "se vende.iOS", "se vende.iOS\se vende.iOS.csproj", "{35583CB0-B7E7-48FB-BAB4-BAC4E4EB5B6F}"
EndProject
Project("{FAE04EC0-301F-11D3-BF4B-00C04F79EFBC}") = "se vende", "se vende\se vende.csproj", "{FD78CC07-5696-4AC9-90B2-6185FC46E284}"
EndProject
Global
	GlobalSection(SolutionConfigurationPlatforms) = preSolution
		Debug|Any CPU = Debug|Any CPU
		Debug|iPhone = Debug|iPhone
		Debug|iPhoneSimulator = Debug|iPhoneSimulator
		Release|Any CPU = Release|Any CPU
		Release|iPhone = Release|iPhone
		Release|iPhoneSimulator = Release|iPhoneSimulator
	EndGlobalSection
	GlobalSection(ProjectConfigurationPlatforms) = postSolution
		{EB0C0C7E-5BD1-4BC8-AAC8-032D1BCB71F9}.Debug|Any CPU.ActiveCfg = Debug|Any CPU
		{EB0C0C7E-5BD1-4BC8-AAC8-032D1BCB71F9}.Debug|Any CPU.Build.0 = Debug|Any CPU
		{EB0C0C7E-5BD1-4BC8-AAC8-032D1BCB71F9}.Debug|Any CPU.Deploy.0 = Debug|Any CPU
		{EB0C0C7E-5BD1-4BC8-AAC8-032D1BCB71F9}.Debug|iPhone.ActiveCfg = Debug|Any CPU
		{EB0C0C7E-5BD1-4BC8-AAC8-032D1BCB71F9}.Debug|iPhone.Build.0 = Debug|Any CPU
		{EB0C0C7E-5BD1-4BC8-AAC8-032D1BCB71F9}.Debug|iPhone.Deploy.0 = Debug|Any CPU
		{EB0C0C7E-5BD1-4BC8-AAC8-032D1BCB71F9}.Debug|iPhoneSimulator.ActiveCfg = Debug|Any CPU
		{EB0C0C7E-5BD1-4BC8-AAC8-032D1BCB71F9}.Debug|iPhoneSimulator.Build.0 = Debug|Any CPU
		{EB0C0C7E-5BD1-4BC8-AAC8-032D1BCB71F9}.Debug|iPhoneSimulator.Deploy.0 = Debug|Any CPU
		{EB0C0C7E-5BD1-4BC8-AAC8-032D1BCB71F9}.Release|Any CPU.ActiveCfg = Release|Any CPU
		{EB0C0C7E-5BD1-4BC8-AAC8-032D1BCB71F9}.Release|Any CPU.Build.0 = Release|Any CPU
		{EB0C0C7E-5BD1-4BC8-AAC8-032D1BCB71F9}.Release|Any CPU.Deploy.0 = Release|Any CPU
		{EB0C0C7E-5BD1-4BC8-AAC8-032D1BCB71F9}.Release|iPhone.ActiveCfg = Release|Any CPU
		{EB0C0C7E-5BD1-4BC8-AAC8-032D1BCB71F9}.Release|iPhone.Build.0 = Release|Any CPU
		{EB0C0C7E-5BD1-4BC8-AAC8-032D1BCB71F9}.Release|iPhone.Deploy.0 = Release|Any CPU
		{EB0C0C7E-5BD1-4BC8-AAC8-032D1BCB71F9}.Release|iPhoneSimulator.ActiveCfg = Release|Any CPU
		{EB0C0C7E-5BD1-4BC8-AAC8-032D1BCB71F9}.Release|iPhoneSimulator.Build.0 = Release|Any CPU
		{EB0C0C7E-5BD1-4BC8-AAC8-032D1BCB71F9}.Release|iPhoneSimulator.Deploy.0 = Release|Any CPU
		{35583CB0-B7E7-48FB-BAB4-BAC4E4EB5B6F}.Debug|Any CPU.ActiveCfg = Debug|iPhone
		{35583CB0-B7E7-48FB-BAB4-BAC4E4EB5B6F}.Debug|Any CPU.Build.0 = Debug|iPhone
		{35583CB0-B7E7-48FB-BAB4-BAC4E4EB5B6F}.Debug|Any CPU.Deploy.0 = Debug|iPhone
		{35583CB0-B7E7-48FB-BAB4-BAC4E4EB5B6F}.Debug|iPhone.ActiveCfg = Debug|iPhone
		{35583CB0-B7E7-48FB-BAB4-BAC4E4EB5B6F}.Debug|iPhone.Build.0 = Debug|iPhone
		{35583CB0-B7E7-48FB-BAB4-BAC4E4EB5B6F}.Debug|iPhone.Deploy.0 = Debug|iPhone
		{35583CB0-B7E7-48FB-BAB4-BAC4E4EB5B6F}.Debug|iPhoneSimulator.ActiveCfg = Debug|iPhoneSimulator
		{35583CB0-B7E7-48FB-BAB4-BAC4E4EB5B6F}.Debug|iPhoneSimulator.Build.0 = Debug|iPhoneSimulator
		{35583CB0-B7E7-48FB-BAB4-BAC4E4EB5B6F}.Debug|iPhoneSimulator.Deploy.0 = Debug|iPhoneSimulator
		{35583CB0-B7E7-48FB-BAB4-BAC4E4EB5B6F}.Release|Any CPU.ActiveCfg = Release|iPhoneSimulator
		{35583CB0-B7E7-48FB-BAB4-BAC4E4EB5B6F}.Release|Any CPU.Build.0 = Release|iPhoneSimulator
		{35583CB0-B7E7-48FB-BAB4-BAC4E4EB5B6F}.Release|Any CPU.Deploy.0 = Release|iPhoneSimulator
		{35583CB0-B7E7-48FB-BAB4-BAC4E4EB5B6F}.Release|iPhone.ActiveCfg = Release|iPhone
		{35583CB0-B7E7-48FB-BAB4-BAC4E4EB5B6F}.Release|iPhone.Build.0 = Release|iPhone
		{35583CB0-B7E7-48FB-BAB4-BAC4E4EB5B6F}.Release|iPhone.Deploy.0 = Release|iPhone
		{35583CB0-B7E7-48FB-BAB4-BAC4E4EB5B6F}.Release|iPhoneSimulator.ActiveCfg = Release|iPhoneSimulator
		{35583CB0-B7E7-48FB-BAB4-BAC4E4EB5B6F}.Release|iPhoneSimulator.Build.0 = Release|iPhoneSimulator
		{35583CB0-B7E7-48FB-BAB4-BAC4E4EB5B6F}.Release|iPhoneSimulator.Deploy.0 = Release|iPhoneSimulator
		{FD78CC07-5696-4AC9-90B2-6185FC46E284}.Debug|Any CPU.ActiveCfg = Debug|Any CPU
		{FD78CC07-5696-4AC9-90B2-6185FC46E284}.Debug|Any CPU.Build.0 = Debug|Any CPU
		{FD78CC07-5696-4AC9-90B2-6185FC46E284}.Debug|Any CPU.Deploy.0 = Debug|Any CPU
		{FD78CC07-5696-4AC9-90B2-6185FC46E284}.Debug|iPhone.ActiveCfg = Debug|Any CPU
		{FD78CC07-5696-4AC9-90B2-6185FC46E284}.Debug|iPhone.Build.0 = Debug|Any CPU
		{FD78CC07-5696-4AC9-90B2-6185FC46E284}.Debug|iPhone.Deploy.0 = Debug|Any CPU
		{FD78CC07-5696-4AC9-90B2-6185FC46E284}.Debug|iPhoneSimulator.ActiveCfg = Debug|Any CPU
		{FD78CC07-5696-4AC9-90B2-6185FC46E284}.Debug|iPhoneSimulator.Build.0 = Debug|Any CPU
		{FD78CC07-5696-4AC9-90B2-6185FC46E284}.Debug|iPhoneSimulator.Deploy.0 = Debug|Any CPU
		{FD78CC07-5696-4AC9-90B2-6185FC46E284}.Release|Any CPU.ActiveCfg = Release|Any CPU
		{FD78CC07-5696-4AC9-90B2-6185FC46E284}.Release|Any CPU.Build.0 = Release|Any CPU
		{FD78CC07-5696-4AC9-90B2-6185FC46E284}.Release|Any CPU.Deploy.0 = Release|Any CPU
		{FD78CC07-5696-4AC9-90B2-6185FC46E284}.Release|iPhone.ActiveCfg = Release|Any CPU
		{FD78CC07-5696-4AC9-90B2-6185FC46E284}.Release|iPhone.Build.0 = Release|Any CPU
		{FD78CC07-5696-4AC9-90B2-6185FC46E284}.Release|iPhone.Deploy.0 = Release|Any CPU
		{FD78CC07-5696-4AC9-90B2-6185FC46E284}.Release|iPhoneSimulator.ActiveCfg = Release|Any CPU
		{FD78CC07-5696-4AC9-90B2-6185FC46E284}.Release|iPhoneSimulator.Build.0 = Release|Any CPU
		{FD78CC07-5696-4AC9-90B2-6185FC46E284}.Release|iPhoneSimulator.Deploy.0 = Release|Any CPU
	EndGlobalSection
	GlobalSection(SolutionProperties) = preSolution
		HideSolutionNode = FALSE
	EndGlobalSection
	GlobalSection(ExtensibilityGlobals) = postSolution
		SolutionGuid = {0330DD6B-6E05-4E15-BBD8-8919BF240565}
	EndGlobalSection
EndGlobal
